
Microsoft Visual Studio Solution File, Format Version 12.00
# Visual Studio Version 17
VisualStudioVersion = 17.10.35122.118
MinimumVisualStudioVersion = 10.0.40219.1
Project("{FAE04EC0-301F-11D3-BF4B-00C04F79EFBC}") = "FashionStore", "FashionStore.csproj", "{7FC87153-CE9E-4F1E-8E6F-90E44687677C}"
EndProject
Global
	GlobalSection(SolutionConfigurationPlatforms) = preSolution
		Debug|Any CPU = Debug|Any CPU
		Release|Any CPU = Release|Any CPU
	EndGlobalSection
	GlobalSection(ProjectConfigurationPlatforms) = postSolution
		{7FC87153-CE9E-4F1E-8E6F-90E44687677C}.Debug|Any CPU.ActiveCfg = Debug|Any CPU
		{7FC87153-CE9E-4F1E-8E6F-90E44687677C}.Debug|Any CPU.Build.0 = Debug|Any CPU
		{7FC87153-CE9E-4F1E-8E6F-90E44687677C}.Release|Any CPU.ActiveCfg = Release|Any CPU
		{7FC87153-CE9E-4F1E-8E6F-90E44687677C}.Release|Any CPU.Build.0 = Release|Any CPU
	EndGlobalSection
	GlobalSection(SolutionProperties) = preSolution
		HideSolutionNode = FALSE
	EndGlobalSection
	GlobalSection(ExtensibilityGlobals) = postSolution
		SolutionGuid = {C60AA640-DD59-4BBE-B26E-D62E98A3C9EF}
	EndGlobalSection
EndGlobal
